
Microsoft Visual Studio Solution File, Format Version 12.00
# Visual Studio Version 17
VisualStudioVersion = 17.8.34330.188
MinimumVisualStudioVersion = 10.0.40219.1
Project("{FAE04EC0-301F-11D3-BF4B-00C04F79EFBC}") = "GUnit", "GUnit\GUnit.csproj", "{14450CEA-8428-488B-AE10-4E737EB2E9C0}"
EndProject
Project("{FAE04EC0-301F-11D3-BF4B-00C04F79EFBC}") = "NUnitTestProject", "NUnitTestProject\NUnitTestProject.csproj", "{81A79558-C6E4-4D2A-8A31-D3182CD7B17A}"
EndProject
Global
	GlobalSection(SolutionConfigurationPlatforms) = preSolution
		Debug|Any CPU = Debug|Any CPU
		Release|Any CPU = Release|Any CPU
	EndGlobalSection
	GlobalSection(ProjectConfigurationPlatforms) = postSolution
		{14450CEA-8428-488B-AE10-4E737EB2E9C0}.Debug|Any CPU.ActiveCfg = Debug|Any CPU
		{14450CEA-8428-488B-AE10-4E737EB2E9C0}.Debug|Any CPU.Build.0 = Debug|Any CPU
		{14450CEA-8428-488B-AE10-4E737EB2E9C0}.Release|Any CPU.ActiveCfg = Release|Any CPU
		{14450CEA-8428-488B-AE10-4E737EB2E9C0}.Release|Any CPU.Build.0 = Release|Any CPU
		{81A79558-C6E4-4D2A-8A31-D3182CD7B17A}.Debug|Any CPU.ActiveCfg = Debug|Any CPU
		{81A79558-C6E4-4D2A-8A31-D3182CD7B17A}.Debug|Any CPU.Build.0 = Debug|Any CPU
		{81A79558-C6E4-4D2A-8A31-D3182CD7B17A}.Release|Any CPU.ActiveCfg = Release|Any CPU
		{81A79558-C6E4-4D2A-8A31-D3182CD7B17A}.Release|Any CPU.Build.0 = Release|Any CPU
	EndGlobalSection
	GlobalSection(SolutionProperties) = preSolution
		HideSolutionNode = FALSE
	EndGlobalSection
	GlobalSection(ExtensibilityGlobals) = postSolution
		SolutionGuid = {648B2B84-BEDD-4D28-A15C-C40F773683DB}
	EndGlobalSection
EndGlobal
